
Microsoft Visual Studio Solution File, Format Version 12.00
Project("{2150E333-8FDC-42A3-9474-1A3956D46DE8}") = "Solution", "Solution", "{5CE5D73F-3604-4964-8496-6E1AD44CCEFF}"
	ProjectSection(SolutionItems) = preProject
		LICENSE = LICENSE
		README.md = README.md
		DotnetMemoryDebugging.sln = DotnetMemoryDebugging.sln
		.gitignore = .gitignore
	EndProjectSection
EndProject
Project("{FAE04EC0-301F-11D3-BF4B-00C04F79EFBC}") = "MemoryLeak", "Source\MemoryLeak\MemoryLeak.csproj", "{4F32E001-F4B4-4801-BC73-5F840B90AED0}"
EndProject
Project("{FAE04EC0-301F-11D3-BF4B-00C04F79EFBC}") = "ThreadPoolStarvation", "Source\ThreadPoolStarvation\ThreadPoolStarvation.csproj", "{3E30C7AC-A29F-465F-8774-DF88BB85FA41}"
EndProject
Project("{FAE04EC0-301F-11D3-BF4B-00C04F79EFBC}") = "BlockedFinalizerQueue", "Source\BlockedFinalizerQueue\BlockedFinalizerQueue.csproj", "{9E8EE1BC-F846-4A59-B967-2D363FF804E5}"
EndProject
Project("{FAE04EC0-301F-11D3-BF4B-00C04F79EFBC}") = "CartesianExplosion", "Source\CartesianExplosion\CartesianExplosion.csproj", "{E6DF0E44-D62B-4704-886B-3BBCFE829903}"
EndProject
Global
	GlobalSection(SolutionConfigurationPlatforms) = preSolution
		Debug|Any CPU = Debug|Any CPU
		Release|Any CPU = Release|Any CPU
	EndGlobalSection
	GlobalSection(ProjectConfigurationPlatforms) = postSolution
		{4F32E001-F4B4-4801-BC73-5F840B90AED0}.Debug|Any CPU.ActiveCfg = Debug|Any CPU
		{4F32E001-F4B4-4801-BC73-5F840B90AED0}.Debug|Any CPU.Build.0 = Debug|Any CPU
		{4F32E001-F4B4-4801-BC73-5F840B90AED0}.Release|Any CPU.ActiveCfg = Release|Any CPU
		{4F32E001-F4B4-4801-BC73-5F840B90AED0}.Release|Any CPU.Build.0 = Release|Any CPU
		{3E30C7AC-A29F-465F-8774-DF88BB85FA41}.Debug|Any CPU.ActiveCfg = Debug|Any CPU
		{3E30C7AC-A29F-465F-8774-DF88BB85FA41}.Debug|Any CPU.Build.0 = Debug|Any CPU
		{3E30C7AC-A29F-465F-8774-DF88BB85FA41}.Release|Any CPU.ActiveCfg = Release|Any CPU
		{3E30C7AC-A29F-465F-8774-DF88BB85FA41}.Release|Any CPU.Build.0 = Release|Any CPU
		{9E8EE1BC-F846-4A59-B967-2D363FF804E5}.Debug|Any CPU.ActiveCfg = Debug|Any CPU
		{9E8EE1BC-F846-4A59-B967-2D363FF804E5}.Debug|Any CPU.Build.0 = Debug|Any CPU
		{9E8EE1BC-F846-4A59-B967-2D363FF804E5}.Release|Any CPU.ActiveCfg = Release|Any CPU
		{9E8EE1BC-F846-4A59-B967-2D363FF804E5}.Release|Any CPU.Build.0 = Release|Any CPU
		{E6DF0E44-D62B-4704-886B-3BBCFE829903}.Debug|Any CPU.ActiveCfg = Debug|Any CPU
		{E6DF0E44-D62B-4704-886B-3BBCFE829903}.Debug|Any CPU.Build.0 = Debug|Any CPU
		{E6DF0E44-D62B-4704-886B-3BBCFE829903}.Release|Any CPU.ActiveCfg = Release|Any CPU
		{E6DF0E44-D62B-4704-886B-3BBCFE829903}.Release|Any CPU.Build.0 = Release|Any CPU
	EndGlobalSection
EndGlobal
